
Microsoft Visual Studio Solution File, Format Version 12.00
# Visual Studio Version 16
VisualStudioVersion = 16.0.30204.135
MinimumVisualStudioVersion = 10.0.40219.1
Project("{FAE04EC0-301F-11D3-BF4B-00C04F79EFBC}") = "CoreBankApp", "CoreBankApp\CoreBankApp.csproj", "{8F65C110-1084-4DE4-830E-90D0AB460307}"
EndProject
Project("{9A19103F-16F7-4668-BE54-9A1E7A4F7556}") = "CoreBanking", "CoreBanking\CoreBanking.csproj", "{A9D2CCD2-5137-4F9C-85BC-93B05F1F4963}"
EndProject
Global
	GlobalSection(SolutionConfigurationPlatforms) = preSolution
		Debug|Any CPU = Debug|Any CPU
		Release|Any CPU = Release|Any CPU
	EndGlobalSection
	GlobalSection(ProjectConfigurationPlatforms) = postSolution
		{8F65C110-1084-4DE4-830E-90D0AB460307}.Debug|Any CPU.ActiveCfg = Debug|Any CPU
		{8F65C110-1084-4DE4-830E-90D0AB460307}.Debug|Any CPU.Build.0 = Debug|Any CPU
		{8F65C110-1084-4DE4-830E-90D0AB460307}.Release|Any CPU.ActiveCfg = Release|Any CPU
		{8F65C110-1084-4DE4-830E-90D0AB460307}.Release|Any CPU.Build.0 = Release|Any CPU
		{A9D2CCD2-5137-4F9C-85BC-93B05F1F4963}.Debug|Any CPU.ActiveCfg = Debug|Any CPU
		{A9D2CCD2-5137-4F9C-85BC-93B05F1F4963}.Debug|Any CPU.Build.0 = Debug|Any CPU
		{A9D2CCD2-5137-4F9C-85BC-93B05F1F4963}.Release|Any CPU.ActiveCfg = Release|Any CPU
		{A9D2CCD2-5137-4F9C-85BC-93B05F1F4963}.Release|Any CPU.Build.0 = Release|Any CPU
	EndGlobalSection
	GlobalSection(SolutionProperties) = preSolution
		HideSolutionNode = FALSE
	EndGlobalSection
	GlobalSection(ExtensibilityGlobals) = postSolution
		SolutionGuid = {9F3A564B-C0F2-4B88-B1BE-8BF74EF3107C}
	EndGlobalSection
EndGlobal
